// !$*UTF8*$!
{
	archiveVersion = 1;
	classes = {
	};
	objectVersion = 50;
	objects = {

/* Begin PBXBuildFile section */
		0A2700C721704A81003CD084 /* TwoSumProblem.swift in Sources */ = {isa = PBXBuildFile; fileRef = 0A2700C621704A81003CD084 /* TwoSumProblem.swift */; };
		0A2700C92173528A003CD084 /* AddTwoNums.swift in Sources */ = {isa = PBXBuildFile; fileRef = 0A2700C82173528A003CD084 /* AddTwoNums.swift */; };
		0A2F28F021E75F37003CADCB /* TestBranch.swift in Sources */ = {isa = PBXBuildFile; fileRef = 0A2F28EF21E75F37003CADCB /* TestBranch.swift */; };
		0A36F14921A3D0F200BBA9F1 /* BubbleSort.swift in Sources */ = {isa = PBXBuildFile; fileRef = 0A36F14821A3D0F200BBA9F1 /* BubbleSort.swift */; };
		0A36F14C21A3D14100BBA9F1 /* SortProtocol.swift in Sources */ = {isa = PBXBuildFile; fileRef = 0A36F14B21A3D14100BBA9F1 /* SortProtocol.swift */; };
		0A36F14E21A3D67600BBA9F1 /* SelectionSort.swift in Sources */ = {isa = PBXBuildFile; fileRef = 0A36F14D21A3D67600BBA9F1 /* SelectionSort.swift */; };
		0A36F15021A3E98C00BBA9F1 /* InsertSort.swift in Sources */ = {isa = PBXBuildFile; fileRef = 0A36F14F21A3E98C00BBA9F1 /* InsertSort.swift */; };
		0A36F16021A578BF00BBA9F1 /* NumReverse.swift in Sources */ = {isa = PBXBuildFile; fileRef = 0A36F15F21A578BF00BBA9F1 /* NumReverse.swift */; };
		0A45E6872100D9E40061BA14 /* main.swift in Sources */ = {isa = PBXBuildFile; fileRef = 0A45E6862100D9E40061BA14 /* main.swift */; };
		0A45E68F2100DA680061BA14 /* DataStruct.swift in Sources */ = {isa = PBXBuildFile; fileRef = 0A45E68E2100DA680061BA14 /* DataStruct.swift */; };
/* End PBXBuildFile section */

/* Begin PBXCopyFilesBuildPhase section */
		0A45E6812100D9E40061BA14 /* CopyFiles */ = {
			isa = PBXCopyFilesBuildPhase;
			buildActionMask = 2147483647;
			dstPath = /usr/share/man/man1/;
			dstSubfolderSpec = 0;
			files = (
			);
			runOnlyForDeploymentPostprocessing = 1;
		};
/* End PBXCopyFilesBuildPhase section */

/* Begin PBXFileReference section */
		0A2700C621704A81003CD084 /* TwoSumProblem.swift */ = {isa = PBXFileReference; lastKnownFileType = sourcecode.swift; path = TwoSumProblem.swift; sourceTree = "<group>"; };
		0A2700C82173528A003CD084 /* AddTwoNums.swift */ = {isa = PBXFileReference; lastKnownFileType = sourcecode.swift; path = AddTwoNums.swift; sourceTree = "<group>"; };
		0A2F28EF21E75F37003CADCB /* TestBranch.swift */ = {isa = PBXFileReference; lastKnownFileType = sourcecode.swift; path = TestBranch.swift; sourceTree = "<group>"; };
		0A36F14821A3D0F200BBA9F1 /* BubbleSort.swift */ = {isa = PBXFileReference; lastKnownFileType = sourcecode.swift; path = BubbleSort.swift; sourceTree = "<group>"; };
		0A36F14B21A3D14100BBA9F1 /* SortProtocol.swift */ = {isa = PBXFileReference; lastKnownFileType = sourcecode.swift; path = SortProtocol.swift; sourceTree = "<group>"; };
		0A36F14D21A3D67600BBA9F1 /* SelectionSort.swift */ = {isa = PBXFileReference; lastKnownFileType = sourcecode.swift; path = SelectionSort.swift; sourceTree = "<group>"; };
		0A36F14F21A3E98C00BBA9F1 /* InsertSort.swift */ = {isa = PBXFileReference; lastKnownFileType = sourcecode.swift; path = InsertSort.swift; sourceTree = "<group>"; };
		0A36F15F21A578BF00BBA9F1 /* NumReverse.swift */ = {isa = PBXFileReference; lastKnownFileType = sourcecode.swift; path = NumReverse.swift; sourceTree = "<group>"; };
		0A45E6832100D9E40061BA14 /* Arithmetic */ = {isa = PBXFileReference; explicitFileType = "compiled.mach-o.executable"; includeInIndex = 0; path = Arithmetic; sourceTree = BUILT_PRODUCTS_DIR; };
		0A45E6862100D9E40061BA14 /* main.swift */ = {isa = PBXFileReference; lastKnownFileType = sourcecode.swift; path = main.swift; sourceTree = "<group>"; };
		0A45E68E2100DA680061BA14 /* DataStruct.swift */ = {isa = PBXFileReference; lastKnownFileType = sourcecode.swift; path = DataStruct.swift; sourceTree = "<group>"; };
/* End PBXFileReference section */

/* Begin PBXFrameworksBuildPhase section */
		0A45E6802100D9E40061BA14 /* Frameworks */ = {
			isa = PBXFrameworksBuildPhase;
			buildActionMask = 2147483647;
			files = (
			);
			runOnlyForDeploymentPostprocessing = 0;
		};
/* End PBXFrameworksBuildPhase section */

/* Begin PBXGroup section */
		0A36F14721A3D0C400BBA9F1 /* Sort */ = {
			isa = PBXGroup;
			children = (
				0A36F14B21A3D14100BBA9F1 /* SortProtocol.swift */,
				0A36F14821A3D0F200BBA9F1 /* BubbleSort.swift */,
				0A36F14D21A3D67600BBA9F1 /* SelectionSort.swift */,
				0A36F14F21A3E98C00BBA9F1 /* InsertSort.swift */,
			);
			path = Sort;
			sourceTree = "<group>";
		};
		0A36F15E21A578A600BBA9F1 /* Num */ = {
			isa = PBXGroup;
			children = (
				0A2700C621704A81003CD084 /* TwoSumProblem.swift */,
				0A2700C82173528A003CD084 /* AddTwoNums.swift */,
				0A36F15F21A578BF00BBA9F1 /* NumReverse.swift */,
				0A2F28EF21E75F37003CADCB /* TestBranch.swift */,
			);
			path = Num;
			sourceTree = "<group>";
		};
		0A45E67A2100D9E40061BA14 = {
			isa = PBXGroup;
			children = (
				0A45E6852100D9E40061BA14 /* Arithmetic */,
				0A45E6842100D9E40061BA14 /* Products */,
			);
			sourceTree = "<group>";
		};
		0A45E6842100D9E40061BA14 /* Products */ = {
			isa = PBXGroup;
			children = (
				0A45E6832100D9E40061BA14 /* Arithmetic */,
			);
			name = Products;
			sourceTree = "<group>";
		};
		0A45E6852100D9E40061BA14 /* Arithmetic */ = {
			isa = PBXGroup;
			children = (
				0A45E6902100DAC70061BA14 /* Classes */,
				0A45E68D2100DA540061BA14 /* Header */,
				0A45E6862100D9E40061BA14 /* main.swift */,
			);
			path = Arithmetic;
			sourceTree = "<group>";
		};
		0A45E68D2100DA540061BA14 /* Header */ = {
			isa = PBXGroup;
			children = (
				0A45E68E2100DA680061BA14 /* DataStruct.swift */,
			);
			path = Header;
			sourceTree = "<group>";
		};
		0A45E6902100DAC70061BA14 /* Classes */ = {
			isa = PBXGroup;
			children = (
				0A36F15E21A578A600BBA9F1 /* Num */,
				0A36F14721A3D0C400BBA9F1 /* Sort */,
			);
			path = Classes;
			sourceTree = "<group>";
		};
/* End PBXGroup section */

/* Begin PBXNativeTarget section */
		0A45E6822100D9E40061BA14 /* Arithmetic */ = {
			isa = PBXNativeTarget;
			buildConfigurationList = 0A45E68A2100D9E40061BA14 /* Build configuration list for PBXNativeTarget "Arithmetic" */;
			buildPhases = (
				0A45E67F2100D9E40061BA14 /* Sources */,
				0A45E6802100D9E40061BA14 /* Frameworks */,
				0A45E6812100D9E40061BA14 /* CopyFiles */,
			);
			buildRules = (
			);
			dependencies = (
			);
			name = Arithmetic;
			productName = Arithmetic;
			productReference = 0A45E6832100D9E40061BA14 /* Arithmetic */;
			productType = "com.apple.product-type.tool";
		};
/* End PBXNativeTarget section */

/* Begin PBXProject section */
		0A45E67B2100D9E40061BA14 /* Project object */ = {
			isa = PBXProject;
			attributes = {
				LastSwiftUpdateCheck = 0940;
				LastUpgradeCheck = 0940;
				ORGANIZATIONNAME = "liu gangyi";
				TargetAttributes = {
					0A45E6822100D9E40061BA14 = {
						CreatedOnToolsVersion = 9.4.1;
					};
				};
			};
			buildConfigurationList = 0A45E67E2100D9E40061BA14 /* Build configuration list for PBXProject "Arithmetic" */;
			compatibilityVersion = "Xcode 9.3";
			developmentRegion = en;
			hasScannedForEncodings = 0;
			knownRegions = (
				en,
			);
			mainGroup = 0A45E67A2100D9E40061BA14;
			productRefGroup = 0A45E6842100D9E40061BA14 /* Products */;
			projectDirPath = "";
			projectRoot = "";
			targets = (
				0A45E6822100D9E40061BA14 /* Arithmetic */,
			);
		};
/* End PBXProject section */

/* Begin PBXSourcesBuildPhase section */
		0A45E67F2100D9E40061BA14 /* Sources */ = {
			isa = PBXSourcesBuildPhase;
			buildActionMask = 2147483647;
			files = (
				0A36F15021A3E98C00BBA9F1 /* InsertSort.swift in Sources */,
				0A2F28F021E75F37003CADCB /* TestBranch.swift in Sources */,
				0A45E68F2100DA680061BA14 /* DataStruct.swift in Sources */,
				0A36F14C21A3D14100BBA9F1 /* SortProtocol.swift in Sources */,
				0A36F14E21A3D67600BBA9F1 /* SelectionSort.swift in Sources */,
				0A36F16021A578BF00BBA9F1 /* NumReverse.swift in Sources */,
				0A2700C92173528A003CD084 /* AddTwoNums.swift in Sources */,
				0A36F14921A3D0F200BBA9F1 /* BubbleSort.swift in Sources */,
				0A45E6872100D9E40061BA14 /* main.swift in Sources */,
				0A2700C721704A81003CD084 /* TwoSumProblem.swift in Sources */,
			);
			runOnlyForDeploymentPostprocessing = 0;
		};
/* End PBXSourcesBuildPhase section */

/* Begin XCBuildConfiguration section */
		0A45E6882100D9E40061BA14 /* Debug */ = {
			isa = XCBuildConfiguration;
			buildSettings = {
				ALWAYS_SEARCH_USER_PATHS = NO;
				CLANG_ANALYZER_NONNULL = YES;
				CLANG_ANALYZER_NUMBER_OBJECT_CONVERSION = YES_AGGRESSIVE;
				CLANG_CXX_LANGUAGE_STANDARD = "gnu++14";
				CLANG_CXX_LIBRARY = "libc++";
				CLANG_ENABLE_MODULES = YES;
				CLANG_ENABLE_OBJC_ARC = YES;
				CLANG_ENABLE_OBJC_WEAK = YES;
				CLANG_WARN_BLOCK_CAPTURE_AUTORELEASING = YES;
				CLANG_WARN_BOOL_CONVERSION = YES;
				CLANG_WARN_COMMA = YES;
				CLANG_WARN_CONSTANT_CONVERSION = YES;
				CLANG_WARN_DEPRECATED_OBJC_IMPLEMENTATIONS = YES;
				CLANG_WARN_DIRECT_OBJC_ISA_USAGE = YES_ERROR;
				CLANG_WARN_DOCUMENTATION_COMMENTS = YES;
				CLANG_WARN_EMPTY_BODY = YES;
				CLANG_WARN_ENUM_CONVERSION = YES;
				CLANG_WARN_INFINITE_RECURSION = YES;
				CLANG_WARN_INT_CONVERSION = YES;
				CLANG_WARN_NON_LITERAL_NULL_CONVERSION = YES;
				CLANG_WARN_OBJC_IMPLICIT_RETAIN_SELF = YES;
				CLANG_WARN_OBJC_LITERAL_CONVERSION = YES;
				CLANG_WARN_OBJC_ROOT_CLASS = YES_ERROR;
				CLANG_WARN_RANGE_LOOP_ANALYSIS = YES;
				CLANG_WARN_STRICT_PROTOTYPES = YES;
				CLANG_WARN_SUSPICIOUS_MOVE = YES;
				CLANG_WARN_UNGUARDED_AVAILABILITY = YES_AGGRESSIVE;
				CLANG_WARN_UNREACHABLE_CODE = YES;
				CLANG_WARN__DUPLICATE_METHOD_MATCH = YES;
				CODE_SIGN_IDENTITY = "-";
				COPY_PHASE_STRIP = NO;
				DEBUG_INFORMATION_FORMAT = dwarf;
				ENABLE_STRICT_OBJC_MSGSEND = YES;
				ENABLE_TESTABILITY = YES;
				GCC_C_LANGUAGE_STANDARD = gnu11;
				GCC_DYNAMIC_NO_PIC = NO;
				GCC_NO_COMMON_BLOCKS = YES;
				GCC_OPTIMIZATION_LEVEL = 0;
				GCC_PREPROCESSOR_DEFINITIONS = (
					"DEBUG=1",
					"$(inherited)",
				);
				GCC_WARN_64_TO_32_BIT_CONVERSION = YES;
				GCC_WARN_ABOUT_RETURN_TYPE = YES_ERROR;
				GCC_WARN_UNDECLARED_SELECTOR = YES;
				GCC_WARN_UNINITIALIZED_AUTOS = YES_AGGRESSIVE;
				GCC_WARN_UNUSED_FUNCTION = YES;
				GCC_WARN_UNUSED_VARIABLE = YES;
				MACOSX_DEPLOYMENT_TARGET = 10.13;
				MTL_ENABLE_DEBUG_INFO = YES;
				ONLY_ACTIVE_ARCH = YES;
				SDKROOT = macosx;
				SWIFT_ACTIVE_COMPILATION_CONDITIONS = DEBUG;
				SWIFT_OPTIMIZATION_LEVEL = "-Onone";
			};
			name = Debug;
		};
		0A45E6892100D9E40061BA14 /* Release */ = {
			isa = XCBuildConfiguration;
			buildSettings = {
				ALWAYS_SEARCH_USER_PATHS = NO;
				CLANG_ANALYZER_NONNULL = YES;
				CLANG_ANALYZER_NUMBER_OBJECT_CONVERSION = YES_AGGRESSIVE;
				CLANG_CXX_LANGUAGE_STANDARD = "gnu++14";
				CLANG_CXX_LIBRARY = "libc++";
				CLANG_ENABLE_MODULES = YES;
				CLANG_ENABLE_OBJC_ARC = YES;
				CLANG_ENABLE_OBJC_WEAK = YES;
				CLANG_WARN_BLOCK_CAPTURE_AUTORELEASING = YES;
				CLANG_WARN_BOOL_CONVERSION = YES;
				CLANG_WARN_COMMA = YES;
				CLANG_WARN_CONSTANT_CONVERSION = YES;
				CLANG_WARN_DEPRECATED_OBJC_IMPLEMENTATIONS = YES;
				CLANG_WARN_DIRECT_OBJC_ISA_USAGE = YES_ERROR;
				CLANG_WARN_DOCUMENTATION_COMMENTS = YES;
				CLANG_WARN_EMPTY_BODY = YES;
				CLANG_WARN_ENUM_CONVERSION = YES;
				CLANG_WARN_INFINITE_RECURSION = YES;
				CLANG_WARN_INT_CONVERSION = YES;
				CLANG_WARN_NON_LITERAL_NULL_CONVERSION = YES;
				CLANG_WARN_OBJC_IMPLICIT_RETAIN_SELF = YES;
				CLANG_WARN_OBJC_LITERAL_CONVERSION = YES;
				CLANG_WARN_OBJC_ROOT_CLASS = YES_ERROR;
				CLANG_WARN_RANGE_LOOP_ANALYSIS = YES;
				CLANG_WARN_STRICT_PROTOTYPES = YES;
				CLANG_WARN_SUSPICIOUS_MOVE = YES;
				CLANG_WARN_UNGUARDED_AVAILABILITY = YES_AGGRESSIVE;
				CLANG_WARN_UNREACHABLE_CODE = YES;
				CLANG_WARN__DUPLICATE_METHOD_MATCH = YES;
				CODE_SIGN_IDENTITY = "-";
				COPY_PHASE_STRIP = NO;
				DEBUG_INFORMATION_FORMAT = "dwarf-with-dsym";
				ENABLE_NS_ASSERTIONS = NO;
				ENABLE_STRICT_OBJC_MSGSEND = YES;
				GCC_C_LANGUAGE_STANDARD = gnu11;
				GCC_NO_COMMON_BLOCKS = YES;
				GCC_WARN_64_TO_32_BIT_CONVERSION = YES;
				GCC_WARN_ABOUT_RETURN_TYPE = YES_ERROR;
				GCC_WARN_UNDECLARED_SELECTOR = YES;
				GCC_WARN_UNINITIALIZED_AUTOS = YES_AGGRESSIVE;
				GCC_WARN_UNUSED_FUNCTION = YES;
				GCC_WARN_UNUSED_VARIABLE = YES;
				MACOSX_DEPLOYMENT_TARGET = 10.13;
				MTL_ENABLE_DEBUG_INFO = NO;
				SDKROOT = macosx;
				SWIFT_COMPILATION_MODE = wholemodule;
				SWIFT_OPTIMIZATION_LEVEL = "-O";
			};
			name = Release;
		};
		0A45E68B2100D9E40061BA14 /* Debug */ = {
			isa = XCBuildConfiguration;
			buildSettings = {
				CODE_SIGN_STYLE = Automatic;
				PRODUCT_NAME = "$(TARGET_NAME)";
				SWIFT_VERSION = 4.0;
			};
			name = Debug;
		};
		0A45E68C2100D9E40061BA14 /* Release */ = {
			isa = XCBuildConfiguration;
			buildSettings = {
				CODE_SIGN_STYLE = Automatic;
				PRODUCT_NAME = "$(TARGET_NAME)";
				SWIFT_VERSION = 4.0;
			};
			name = Release;
		};
/* End XCBuildConfiguration section */

/* Begin XCConfigurationList section */
		0A45E67E2100D9E40061BA14 /* Build configuration list for PBXProject "Arithmetic" */ = {
			isa = XCConfigurationList;
			buildConfigurations = (
				0A45E6882100D9E40061BA14 /* Debug */,
				0A45E6892100D9E40061BA14 /* Release */,
			);
			defaultConfigurationIsVisible = 0;
			defaultConfigurationName = Release;
		};
		0A45E68A2100D9E40061BA14 /* Build configuration list for PBXNativeTarget "Arithmetic" */ = {
			isa = XCConfigurationList;
			buildConfigurations = (
				0A45E68B2100D9E40061BA14 /* Debug */,
				0A45E68C2100D9E40061BA14 /* Release */,
			);
			defaultConfigurationIsVisible = 0;
			defaultConfigurationName = Release;
		};
/* End XCConfigurationList section */
	};
	rootObject = 0A45E67B2100D9E40061BA14 /* Project object */;
}
